// !$*UTF8*$!
{
	archiveVersion = 1;
	classes = {
	};
	objectVersion = 56;
	objects = {

/* Begin PBXBuildFile section */
		4727C7552D6DCCAD00737636 /* LoginViewController.xib in Resources */ = {isa = PBXBuildFile; fileRef = 4727C7542D6DCCAD00737636 /* LoginViewController.xib */; };
		4727C7562D6DCCAD00737636 /* LoginViewController.swift in Sources */ = {isa = PBXBuildFile; fileRef = 4727C7532D6DCCAD00737636 /* LoginViewController.swift */; };
		4727C7592D6E180C00737636 /* AppCoordinator.swift in Sources */ = {isa = PBXBuildFile; fileRef = 4727C7582D6E180C00737636 /* AppCoordinator.swift */; };
		4727C75E2D6E218100737636 /* AuthenticationService.swift in Sources */ = {isa = PBXBuildFile; fileRef = 4727C75D2D6E218100737636 /* AuthenticationService.swift */; };
		4727C7622D6E272700737636 /* AuthenticationError.swift in Sources */ = {isa = PBXBuildFile; fileRef = 4727C7612D6E272700737636 /* AuthenticationError.swift */; };
		4727C7642D6E2B8100737636 /* SampleAuthenticationService.swift in Sources */ = {isa = PBXBuildFile; fileRef = 4727C7632D6E2B8100737636 /* SampleAuthenticationService.swift */; };
		4727C7662D6E2C4D00737636 /* Credentials.swift in Sources */ = {isa = PBXBuildFile; fileRef = 4727C7652D6E2C4D00737636 /* Credentials.swift */; };
		4727C7692D6E2E1300737636 /* LoginViewModel.swift in Sources */ = {isa = PBXBuildFile; fileRef = 4727C7682D6E2E1300737636 /* LoginViewModel.swift */; };
		4727C7702D6E447100737636 /* WelcomeViewModel.swift in Sources */ = {isa = PBXBuildFile; fileRef = 4727C76F2D6E447100737636 /* WelcomeViewModel.swift */; };
		4727C7732D6E44D900737636 /* WelcomeData.swift in Sources */ = {isa = PBXBuildFile; fileRef = 4727C7722D6E44D900737636 /* WelcomeData.swift */; };
		4727C7772D6E457600737636 /* WelcomeViewController.swift in Sources */ = {isa = PBXBuildFile; fileRef = 4727C7752D6E457600737636 /* WelcomeViewController.swift */; };
		4727C7782D6E457600737636 /* WelcomeViewController.xib in Resources */ = {isa = PBXBuildFile; fileRef = 4727C7762D6E457600737636 /* WelcomeViewController.xib */; };
		474364DC2D6DBE6100DD6AA4 /* AppDelegate.swift in Sources */ = {isa = PBXBuildFile; fileRef = 474364DB2D6DBE6100DD6AA4 /* AppDelegate.swift */; };
		474364DE2D6DBE6100DD6AA4 /* SceneDelegate.swift in Sources */ = {isa = PBXBuildFile; fileRef = 474364DD2D6DBE6100DD6AA4 /* SceneDelegate.swift */; };
		474364E52D6DBE6500DD6AA4 /* Assets.xcassets in Resources */ = {isa = PBXBuildFile; fileRef = 474364E42D6DBE6500DD6AA4 /* Assets.xcassets */; };
		474364E82D6DBE6500DD6AA4 /* Base in Resources */ = {isa = PBXBuildFile; fileRef = 474364E72D6DBE6500DD6AA4 /* Base */; };
/* End PBXBuildFile section */

/* Begin PBXFileReference section */
		4727C7532D6DCCAD00737636 /* LoginViewController.swift */ = {isa = PBXFileReference; lastKnownFileType = sourcecode.swift; path = LoginViewController.swift; sourceTree = "<group>"; };
		4727C7542D6DCCAD00737636 /* LoginViewController.xib */ = {isa = PBXFileReference; lastKnownFileType = file.xib; path = LoginViewController.xib; sourceTree = "<group>"; };
		4727C7582D6E180C00737636 /* AppCoordinator.swift */ = {isa = PBXFileReference; lastKnownFileType = sourcecode.swift; path = AppCoordinator.swift; sourceTree = "<group>"; };
		4727C75D2D6E218100737636 /* AuthenticationService.swift */ = {isa = PBXFileReference; lastKnownFileType = sourcecode.swift; path = AuthenticationService.swift; sourceTree = "<group>"; };
		4727C7612D6E272700737636 /* AuthenticationError.swift */ = {isa = PBXFileReference; lastKnownFileType = sourcecode.swift; path = AuthenticationError.swift; sourceTree = "<group>"; };
		4727C7632D6E2B8100737636 /* SampleAuthenticationService.swift */ = {isa = PBXFileReference; lastKnownFileType = sourcecode.swift; path = SampleAuthenticationService.swift; sourceTree = "<group>"; };
		4727C7652D6E2C4D00737636 /* Credentials.swift */ = {isa = PBXFileReference; lastKnownFileType = sourcecode.swift; path = Credentials.swift; sourceTree = "<group>"; };
		4727C7682D6E2E1300737636 /* LoginViewModel.swift */ = {isa = PBXFileReference; lastKnownFileType = sourcecode.swift; path = LoginViewModel.swift; sourceTree = "<group>"; };
		4727C76F2D6E447100737636 /* WelcomeViewModel.swift */ = {isa = PBXFileReference; lastKnownFileType = sourcecode.swift; path = WelcomeViewModel.swift; sourceTree = "<group>"; };
		4727C7722D6E44D900737636 /* WelcomeData.swift */ = {isa = PBXFileReference; lastKnownFileType = sourcecode.swift; path = WelcomeData.swift; sourceTree = "<group>"; };
		4727C7752D6E457600737636 /* WelcomeViewController.swift */ = {isa = PBXFileReference; lastKnownFileType = sourcecode.swift; path = WelcomeViewController.swift; sourceTree = "<group>"; };
		4727C7762D6E457600737636 /* WelcomeViewController.xib */ = {isa = PBXFileReference; lastKnownFileType = file.xib; path = WelcomeViewController.xib; sourceTree = "<group>"; };
		474364D82D6DBE6100DD6AA4 /* LoginApp.app */ = {isa = PBXFileReference; explicitFileType = wrapper.application; includeInIndex = 0; path = LoginApp.app; sourceTree = BUILT_PRODUCTS_DIR; };
		474364DB2D6DBE6100DD6AA4 /* AppDelegate.swift */ = {isa = PBXFileReference; lastKnownFileType = sourcecode.swift; path = AppDelegate.swift; sourceTree = "<group>"; };
		474364DD2D6DBE6100DD6AA4 /* SceneDelegate.swift */ = {isa = PBXFileReference; lastKnownFileType = sourcecode.swift; path = SceneDelegate.swift; sourceTree = "<group>"; };
		474364E42D6DBE6500DD6AA4 /* Assets.xcassets */ = {isa = PBXFileReference; lastKnownFileType = folder.assetcatalog; path = Assets.xcassets; sourceTree = "<group>"; };
		474364E72D6DBE6500DD6AA4 /* Base */ = {isa = PBXFileReference; lastKnownFileType = file.storyboard; name = Base; path = Base.lproj/LaunchScreen.storyboard; sourceTree = "<group>"; };
		474364E92D6DBE6500DD6AA4 /* Info.plist */ = {isa = PBXFileReference; lastKnownFileType = text.plist.xml; path = Info.plist; sourceTree = "<group>"; };
/* End PBXFileReference section */

/* Begin PBXFrameworksBuildPhase section */
		474364D52D6DBE6100DD6AA4 /* Frameworks */ = {
			isa = PBXFrameworksBuildPhase;
			buildActionMask = 2147483647;
			files = (
			);
			runOnlyForDeploymentPostprocessing = 0;
		};
/* End PBXFrameworksBuildPhase section */

/* Begin PBXGroup section */
		4727C7502D6DCC7000737636 /* App */ = {
			isa = PBXGroup;
			children = (
				474364DB2D6DBE6100DD6AA4 /* AppDelegate.swift */,
				474364DD2D6DBE6100DD6AA4 /* SceneDelegate.swift */,
			);
			path = App;
			sourceTree = "<group>";
		};
		4727C7512D6DCC7D00737636 /* Views */ = {
			isa = PBXGroup;
			children = (
				4727C7742D6E456300737636 /* Welcome */,
				4727C7572D6DCE4100737636 /* Login */,
			);
			path = Views;
			sourceTree = "<group>";
		};
		4727C7572D6DCE4100737636 /* Login */ = {
			isa = PBXGroup;
			children = (
				4727C7532D6DCCAD00737636 /* LoginViewController.swift */,
				4727C7542D6DCCAD00737636 /* LoginViewController.xib */,
			);
			path = Login;
			sourceTree = "<group>";
		};
		4727C75A2D6E181900737636 /* Coordinator */ = {
			isa = PBXGroup;
			children = (
				4727C7582D6E180C00737636 /* AppCoordinator.swift */,
			);
			path = Coordinator;
			sourceTree = "<group>";
		};
		4727C75B2D6E215C00737636 /* Services */ = {
			isa = PBXGroup;
			children = (
				4727C75C2D6E216E00737636 /* Authentication */,
			);
			path = Services;
			sourceTree = "<group>";
		};
		4727C75C2D6E216E00737636 /* Authentication */ = {
			isa = PBXGroup;
			children = (
				4727C75D2D6E218100737636 /* AuthenticationService.swift */,
				4727C7612D6E272700737636 /* AuthenticationError.swift */,
				4727C7652D6E2C4D00737636 /* Credentials.swift */,
				4727C7632D6E2B8100737636 /* SampleAuthenticationService.swift */,
			);
			path = Authentication;
			sourceTree = "<group>";
		};
		4727C7672D6E2DFF00737636 /* ViewModels */ = {
			isa = PBXGroup;
			children = (
				4727C7682D6E2E1300737636 /* LoginViewModel.swift */,
				4727C76F2D6E447100737636 /* WelcomeViewModel.swift */,
			);
			path = ViewModels;
			sourceTree = "<group>";
		};
		4727C7712D6E44AF00737636 /* Models */ = {
			isa = PBXGroup;
			children = (
				4727C7722D6E44D900737636 /* WelcomeData.swift */,
			);
			path = Models;
			sourceTree = "<group>";
		};
		4727C7742D6E456300737636 /* Welcome */ = {
			isa = PBXGroup;
			children = (
				4727C7752D6E457600737636 /* WelcomeViewController.swift */,
				4727C7762D6E457600737636 /* WelcomeViewController.xib */,
			);
			path = Welcome;
			sourceTree = "<group>";
		};
		474364CF2D6DBE6000DD6AA4 = {
			isa = PBXGroup;
			children = (
				474364DA2D6DBE6100DD6AA4 /* LoginApp */,
				474364D92D6DBE6100DD6AA4 /* Products */,
			);
			sourceTree = "<group>";
		};
		474364D92D6DBE6100DD6AA4 /* Products */ = {
			isa = PBXGroup;
			children = (
				474364D82D6DBE6100DD6AA4 /* LoginApp.app */,
			);
			name = Products;
			sourceTree = "<group>";
		};
		474364DA2D6DBE6100DD6AA4 /* LoginApp */ = {
			isa = PBXGroup;
			children = (
				4727C7502D6DCC7000737636 /* App */,
				4727C75A2D6E181900737636 /* Coordinator */,
				4727C7512D6DCC7D00737636 /* Views */,
				4727C7712D6E44AF00737636 /* Models */,
				4727C7672D6E2DFF00737636 /* ViewModels */,
				4727C75B2D6E215C00737636 /* Services */,
				474364E42D6DBE6500DD6AA4 /* Assets.xcassets */,
				474364E62D6DBE6500DD6AA4 /* LaunchScreen.storyboard */,
				474364E92D6DBE6500DD6AA4 /* Info.plist */,
			);
			path = LoginApp;
			sourceTree = "<group>";
		};
/* End PBXGroup section */

/* Begin PBXNativeTarget section */
		474364D72D6DBE6100DD6AA4 /* LoginApp */ = {
			isa = PBXNativeTarget;
			buildConfigurationList = 474364EC2D6DBE6500DD6AA4 /* Build configuration list for PBXNativeTarget "LoginApp" */;
			buildPhases = (
				474364D42D6DBE6100DD6AA4 /* Sources */,
				474364D52D6DBE6100DD6AA4 /* Frameworks */,
				474364D62D6DBE6100DD6AA4 /* Resources */,
			);
			buildRules = (
			);
			dependencies = (
			);
			name = LoginApp;
			productName = LoginApp;
			productReference = 474364D82D6DBE6100DD6AA4 /* LoginApp.app */;
			productType = "com.apple.product-type.application";
		};
/* End PBXNativeTarget section */

/* Begin PBXProject section */
		474364D02D6DBE6000DD6AA4 /* Project object */ = {
			isa = PBXProject;
			attributes = {
				BuildIndependentTargetsInParallel = 1;
				LastSwiftUpdateCheck = 1540;
				LastUpgradeCheck = 1540;
				TargetAttributes = {
					474364D72D6DBE6100DD6AA4 = {
						CreatedOnToolsVersion = 15.4;
					};
				};
			};
			buildConfigurationList = 474364D32D6DBE6000DD6AA4 /* Build configuration list for PBXProject "LoginApp" */;
			compatibilityVersion = "Xcode 14.0";
			developmentRegion = en;
			hasScannedForEncodings = 0;
			knownRegions = (
				en,
				Base,
			);
			mainGroup = 474364CF2D6DBE6000DD6AA4;
			productRefGroup = 474364D92D6DBE6100DD6AA4 /* Products */;
			projectDirPath = "";
			projectRoot = "";
			targets = (
				474364D72D6DBE6100DD6AA4 /* LoginApp */,
			);
		};
/* End PBXProject section */

/* Begin PBXResourcesBuildPhase section */
		474364D62D6DBE6100DD6AA4 /* Resources */ = {
			isa = PBXResourcesBuildPhase;
			buildActionMask = 2147483647;
			files = (
				474364E52D6DBE6500DD6AA4 /* Assets.xcassets in Resources */,
				4727C7782D6E457600737636 /* WelcomeViewController.xib in Resources */,
				474364E82D6DBE6500DD6AA4 /* Base in Resources */,
				4727C7552D6DCCAD00737636 /* LoginViewController.xib in Resources */,
			);
			runOnlyForDeploymentPostprocessing = 0;
		};
/* End PBXResourcesBuildPhase section */

/* Begin PBXSourcesBuildPhase section */
		474364D42D6DBE6100DD6AA4 /* Sources */ = {
			isa = PBXSourcesBuildPhase;
			buildActionMask = 2147483647;
			files = (
				4727C7732D6E44D900737636 /* WelcomeData.swift in Sources */,
				4727C7622D6E272700737636 /* AuthenticationError.swift in Sources */,
				4727C7702D6E447100737636 /* WelcomeViewModel.swift in Sources */,
				4727C7592D6E180C00737636 /* AppCoordinator.swift in Sources */,
				4727C7662D6E2C4D00737636 /* Credentials.swift in Sources */,
				4727C7562D6DCCAD00737636 /* LoginViewController.swift in Sources */,
				474364DC2D6DBE6100DD6AA4 /* AppDelegate.swift in Sources */,
				4727C7642D6E2B8100737636 /* SampleAuthenticationService.swift in Sources */,
				474364DE2D6DBE6100DD6AA4 /* SceneDelegate.swift in Sources */,
				4727C7772D6E457600737636 /* WelcomeViewController.swift in Sources */,
				4727C75E2D6E218100737636 /* AuthenticationService.swift in Sources */,
				4727C7692D6E2E1300737636 /* LoginViewModel.swift in Sources */,
			);
			runOnlyForDeploymentPostprocessing = 0;
		};
/* End PBXSourcesBuildPhase section */

/* Begin PBXVariantGroup section */
		474364E62D6DBE6500DD6AA4 /* LaunchScreen.storyboard */ = {
			isa = PBXVariantGroup;
			children = (
				474364E72D6DBE6500DD6AA4 /* Base */,
			);
			name = LaunchScreen.storyboard;
			sourceTree = "<group>";
		};
/* End PBXVariantGroup section */

/* Begin XCBuildConfiguration section */
		474364EA2D6DBE6500DD6AA4 /* Debug */ = {
			isa = XCBuildConfiguration;
			buildSettings = {
				ALWAYS_SEARCH_USER_PATHS = NO;
				ASSETCATALOG_COMPILER_GENERATE_SWIFT_ASSET_SYMBOL_EXTENSIONS = YES;
				CLANG_ANALYZER_NONNULL = YES;
				CLANG_ANALYZER_NUMBER_OBJECT_CONVERSION = YES_AGGRESSIVE;
				CLANG_CXX_LANGUAGE_STANDARD = "gnu++20";
				CLANG_ENABLE_MODULES = YES;
				CLANG_ENABLE_OBJC_ARC = YES;
				CLANG_ENABLE_OBJC_WEAK = YES;
				CLANG_WARN_BLOCK_CAPTURE_AUTORELEASING = YES;
				CLANG_WARN_BOOL_CONVERSION = YES;
				CLANG_WARN_COMMA = YES;
				CLANG_WARN_CONSTANT_CONVERSION = YES;
				CLANG_WARN_DEPRECATED_OBJC_IMPLEMENTATIONS = YES;
				CLANG_WARN_DIRECT_OBJC_ISA_USAGE = YES_ERROR;
				CLANG_WARN_DOCUMENTATION_COMMENTS = YES;
				CLANG_WARN_EMPTY_BODY = YES;
				CLANG_WARN_ENUM_CONVERSION = YES;
				CLANG_WARN_INFINITE_RECURSION = YES;
				CLANG_WARN_INT_CONVERSION = YES;
				CLANG_WARN_NON_LITERAL_NULL_CONVERSION = YES;
				CLANG_WARN_OBJC_IMPLICIT_RETAIN_SELF = YES;
				CLANG_WARN_OBJC_LITERAL_CONVERSION = YES;
				CLANG_WARN_OBJC_ROOT_CLASS = YES_ERROR;
				CLANG_WARN_QUOTED_INCLUDE_IN_FRAMEWORK_HEADER = YES;
				CLANG_WARN_RANGE_LOOP_ANALYSIS = YES;
				CLANG_WARN_STRICT_PROTOTYPES = YES;
				CLANG_WARN_SUSPICIOUS_MOVE = YES;
				CLANG_WARN_UNGUARDED_AVAILABILITY = YES_AGGRESSIVE;
				CLANG_WARN_UNREACHABLE_CODE = YES;
				CLANG_WARN__DUPLICATE_METHOD_MATCH = YES;
				COPY_PHASE_STRIP = NO;
				DEBUG_INFORMATION_FORMAT = dwarf;
				ENABLE_STRICT_OBJC_MSGSEND = YES;
				ENABLE_TESTABILITY = YES;
				ENABLE_USER_SCRIPT_SANDBOXING = YES;
				GCC_C_LANGUAGE_STANDARD = gnu17;
				GCC_DYNAMIC_NO_PIC = NO;
				GCC_NO_COMMON_BLOCKS = YES;
				GCC_OPTIMIZATION_LEVEL = 0;
				GCC_PREPROCESSOR_DEFINITIONS = (
					"DEBUG=1",
					"$(inherited)",
				);
				GCC_WARN_64_TO_32_BIT_CONVERSION = YES;
				GCC_WARN_ABOUT_RETURN_TYPE = YES_ERROR;
				GCC_WARN_UNDECLARED_SELECTOR = YES;
				GCC_WARN_UNINITIALIZED_AUTOS = YES_AGGRESSIVE;
				GCC_WARN_UNUSED_FUNCTION = YES;
				GCC_WARN_UNUSED_VARIABLE = YES;
				IPHONEOS_DEPLOYMENT_TARGET = 17.5;
				LOCALIZATION_PREFERS_STRING_CATALOGS = YES;
				MTL_ENABLE_DEBUG_INFO = INCLUDE_SOURCE;
				MTL_FAST_MATH = YES;
				ONLY_ACTIVE_ARCH = YES;
				SDKROOT = iphoneos;
				SWIFT_ACTIVE_COMPILATION_CONDITIONS = "DEBUG $(inherited)";
				SWIFT_OPTIMIZATION_LEVEL = "-Onone";
			};
			name = Debug;
		};
		474364EB2D6DBE6500DD6AA4 /* Release */ = {
			isa = XCBuildConfiguration;
			buildSettings = {
				ALWAYS_SEARCH_USER_PATHS = NO;
				ASSETCATALOG_COMPILER_GENERATE_SWIFT_ASSET_SYMBOL_EXTENSIONS = YES;
				CLANG_ANALYZER_NONNULL = YES;
				CLANG_ANALYZER_NUMBER_OBJECT_CONVERSION = YES_AGGRESSIVE;
				CLANG_CXX_LANGUAGE_STANDARD = "gnu++20";
				CLANG_ENABLE_MODULES = YES;
				CLANG_ENABLE_OBJC_ARC = YES;
				CLANG_ENABLE_OBJC_WEAK = YES;
				CLANG_WARN_BLOCK_CAPTURE_AUTORELEASING = YES;
				CLANG_WARN_BOOL_CONVERSION = YES;
				CLANG_WARN_COMMA = YES;
				CLANG_WARN_CONSTANT_CONVERSION = YES;
				CLANG_WARN_DEPRECATED_OBJC_IMPLEMENTATIONS = YES;
				CLANG_WARN_DIRECT_OBJC_ISA_USAGE = YES_ERROR;
				CLANG_WARN_DOCUMENTATION_COMMENTS = YES;
				CLANG_WARN_EMPTY_BODY = YES;
				CLANG_WARN_ENUM_CONVERSION = YES;
				CLANG_WARN_INFINITE_RECURSION = YES;
				CLANG_WARN_INT_CONVERSION = YES;
				CLANG_WARN_NON_LITERAL_NULL_CONVERSION = YES;
				CLANG_WARN_OBJC_IMPLICIT_RETAIN_SELF = YES;
				CLANG_WARN_OBJC_LITERAL_CONVERSION = YES;
				CLANG_WARN_OBJC_ROOT_CLASS = YES_ERROR;
				CLANG_WARN_QUOTED_INCLUDE_IN_FRAMEWORK_HEADER = YES;
				CLANG_WARN_RANGE_LOOP_ANALYSIS = YES;
				CLANG_WARN_STRICT_PROTOTYPES = YES;
				CLANG_WARN_SUSPICIOUS_MOVE = YES;
				CLANG_WARN_UNGUARDED_AVAILABILITY = YES_AGGRESSIVE;
				CLANG_WARN_UNREACHABLE_CODE = YES;
				CLANG_WARN__DUPLICATE_METHOD_MATCH = YES;
				COPY_PHASE_STRIP = NO;
				DEBUG_INFORMATION_FORMAT = "dwarf-with-dsym";
				ENABLE_NS_ASSERTIONS = NO;
				ENABLE_STRICT_OBJC_MSGSEND = YES;
				ENABLE_USER_SCRIPT_SANDBOXING = YES;
				GCC_C_LANGUAGE_STANDARD = gnu17;
				GCC_NO_COMMON_BLOCKS = YES;
				GCC_WARN_64_TO_32_BIT_CONVERSION = YES;
				GCC_WARN_ABOUT_RETURN_TYPE = YES_ERROR;
				GCC_WARN_UNDECLARED_SELECTOR = YES;
				GCC_WARN_UNINITIALIZED_AUTOS = YES_AGGRESSIVE;
				GCC_WARN_UNUSED_FUNCTION = YES;
				GCC_WARN_UNUSED_VARIABLE = YES;
				IPHONEOS_DEPLOYMENT_TARGET = 17.5;
				LOCALIZATION_PREFERS_STRING_CATALOGS = YES;
				MTL_ENABLE_DEBUG_INFO = NO;
				MTL_FAST_MATH = YES;
				SDKROOT = iphoneos;
				SWIFT_COMPILATION_MODE = wholemodule;
				VALIDATE_PRODUCT = YES;
			};
			name = Release;
		};
		474364ED2D6DBE6500DD6AA4 /* Debug */ = {
			isa = XCBuildConfiguration;
			buildSettings = {
				ASSETCATALOG_COMPILER_APPICON_NAME = AppIcon;
				ASSETCATALOG_COMPILER_GLOBAL_ACCENT_COLOR_NAME = AccentColor;
				CODE_SIGN_STYLE = Automatic;
				CURRENT_PROJECT_VERSION = 1;
				DEVELOPMENT_TEAM = URF3W4X5J5;
				GENERATE_INFOPLIST_FILE = YES;
				INFOPLIST_FILE = LoginApp/Info.plist;
				INFOPLIST_KEY_UIApplicationSupportsIndirectInputEvents = YES;
				INFOPLIST_KEY_UILaunchStoryboardName = LaunchScreen;
				INFOPLIST_KEY_UIMainStoryboardFile = "";
				INFOPLIST_KEY_UISupportedInterfaceOrientations_iPad = "UIInterfaceOrientationPortrait UIInterfaceOrientationPortraitUpsideDown UIInterfaceOrientationLandscapeLeft UIInterfaceOrientationLandscapeRight";
				INFOPLIST_KEY_UISupportedInterfaceOrientations_iPhone = "UIInterfaceOrientationPortrait UIInterfaceOrientationLandscapeLeft UIInterfaceOrientationLandscapeRight";
				LD_RUNPATH_SEARCH_PATHS = (
					"$(inherited)",
					"@executable_path/Frameworks",
				);
				MARKETING_VERSION = 1.0;
				PRODUCT_BUNDLE_IDENTIFIER = com.markkevin.LoginApp;
				PRODUCT_NAME = "$(TARGET_NAME)";
				SWIFT_EMIT_LOC_STRINGS = YES;
				SWIFT_VERSION = 5.0;
				TARGETED_DEVICE_FAMILY = "1,2";
			};
			name = Debug;
		};
		474364EE2D6DBE6500DD6AA4 /* Release */ = {
			isa = XCBuildConfiguration;
			buildSettings = {
				ASSETCATALOG_COMPILER_APPICON_NAME = AppIcon;
				ASSETCATALOG_COMPILER_GLOBAL_ACCENT_COLOR_NAME = AccentColor;
				CODE_SIGN_STYLE = Automatic;
				CURRENT_PROJECT_VERSION = 1;
				DEVELOPMENT_TEAM = URF3W4X5J5;
				GENERATE_INFOPLIST_FILE = YES;
				INFOPLIST_FILE = LoginApp/Info.plist;
				INFOPLIST_KEY_UIApplicationSupportsIndirectInputEvents = YES;
				INFOPLIST_KEY_UILaunchStoryboardName = LaunchScreen;
				INFOPLIST_KEY_UIMainStoryboardFile = "";
				INFOPLIST_KEY_UISupportedInterfaceOrientations_iPad = "UIInterfaceOrientationPortrait UIInterfaceOrientationPortraitUpsideDown UIInterfaceOrientationLandscapeLeft UIInterfaceOrientationLandscapeRight";
				INFOPLIST_KEY_UISupportedInterfaceOrientations_iPhone = "UIInterfaceOrientationPortrait UIInterfaceOrientationLandscapeLeft UIInterfaceOrientationLandscapeRight";
				LD_RUNPATH_SEARCH_PATHS = (
					"$(inherited)",
					"@executable_path/Frameworks",
				);
				MARKETING_VERSION = 1.0;
				PRODUCT_BUNDLE_IDENTIFIER = com.markkevin.LoginApp;
				PRODUCT_NAME = "$(TARGET_NAME)";
				SWIFT_EMIT_LOC_STRINGS = YES;
				SWIFT_VERSION = 5.0;
				TARGETED_DEVICE_FAMILY = "1,2";
			};
			name = Release;
		};
/* End XCBuildConfiguration section */

/* Begin XCConfigurationList section */
		474364D32D6DBE6000DD6AA4 /* Build configuration list for PBXProject "LoginApp" */ = {
			isa = XCConfigurationList;
			buildConfigurations = (
				474364EA2D6DBE6500DD6AA4 /* Debug */,
				474364EB2D6DBE6500DD6AA4 /* Release */,
			);
			defaultConfigurationIsVisible = 0;
			defaultConfigurationName = Release;
		};
		474364EC2D6DBE6500DD6AA4 /* Build configuration list for PBXNativeTarget "LoginApp" */ = {
			isa = XCConfigurationList;
			buildConfigurations = (
				474364ED2D6DBE6500DD6AA4 /* Debug */,
				474364EE2D6DBE6500DD6AA4 /* Release */,
			);
			defaultConfigurationIsVisible = 0;
			defaultConfigurationName = Release;
		};
/* End XCConfigurationList section */
	};
	rootObject = 474364D02D6DBE6000DD6AA4 /* Project object */;
}
